github.com/carolynvs/cncf-contribute v0.0.0-20201208012255-f77e84581b73/go.mod h1:o2inHcPLbOaiGqiDZgG9ZEQA8pOLyLoL9uH8Eom/Wg8=
github.com/carolynvs/cncf-contribute v0.0.0-20201211015024-f6a5a096d230/go.mod h1:o2inHcPLbOaiGqiDZgG9ZEQA8pOLyLoL9uH8Eom/Wg8=
github.com/carolynvs/cncf-contribute v0.0.0-20201211015211-c11c57f42da2/go.mod h1:o2inHcPLbOaiGqiDZgG9ZEQA8pOLyLoL9uH8Eom/Wg8=
github.com/carolynvs/cncf-contribute v0.0.0-20201215024934-2e6e02d830cf h1:tlkI0X2vF/2a8rImF6GERZKBF1WCqnk5JtwzXAPswTM=
github.com/carolynvs/cncf-contribute v0.0.0-20201215024934-2e6e02d830cf/go.mod h1:o2inHcPLbOaiGqiDZgG9ZEQA8pOLyLoL9uH8Eom/Wg8=
